
Microsoft Visual Studio Solution File, Format Version 12.00
# Visual Studio Version 16
VisualStudioVersion = 16.0.30803.129
MinimumVisualStudioVersion = 10.0.40219.1
Project("{FAE04EC0-301F-11D3-BF4B-00C04F79EFBC}") = "practice", "practice.csproj", "{6EAE6306-0DB0-47F9-8FEF-83ED2B5D2036}"
EndProject
Project("{FAE04EC0-301F-11D3-BF4B-00C04F79EFBC}") = "wpfDemo", "wpfDemo\wpfDemo.csproj", "{15C64756-E661-47FB-976C-36E1917F141E}"
EndProject
Project("{FAE04EC0-301F-11D3-BF4B-00C04F79EFBC}") = "ExternalEventDemo", "ExternalEventDemo\ExternalEventDemo.csproj", "{6C9102EC-05F9-44FD-A1A0-C1F94F651B0C}"
EndProject
Project("{FAE04EC0-301F-11D3-BF4B-00C04F79EFBC}") = "ShowModel", "ShowModel\ShowModel.csproj", "{3564DD8E-7BA5-4A72-B096-97EE747AC766}"
EndProject
Global
	GlobalSection(SolutionConfigurationPlatforms) = preSolution
		Debug|Any CPU = Debug|Any CPU
		Release|Any CPU = Release|Any CPU
	EndGlobalSection
	GlobalSection(ProjectConfigurationPlatforms) = postSolution
		{6EAE6306-0DB0-47F9-8FEF-83ED2B5D2036}.Debug|Any CPU.ActiveCfg = Debug|Any CPU
		{6EAE6306-0DB0-47F9-8FEF-83ED2B5D2036}.Debug|Any CPU.Build.0 = Debug|Any CPU
		{6EAE6306-0DB0-47F9-8FEF-83ED2B5D2036}.Release|Any CPU.ActiveCfg = Release|Any CPU
		{6EAE6306-0DB0-47F9-8FEF-83ED2B5D2036}.Release|Any CPU.Build.0 = Release|Any CPU
		{15C64756-E661-47FB-976C-36E1917F141E}.Debug|Any CPU.ActiveCfg = Debug|Any CPU
		{15C64756-E661-47FB-976C-36E1917F141E}.Debug|Any CPU.Build.0 = Debug|Any CPU
		{15C64756-E661-47FB-976C-36E1917F141E}.Release|Any CPU.ActiveCfg = Release|Any CPU
		{15C64756-E661-47FB-976C-36E1917F141E}.Release|Any CPU.Build.0 = Release|Any CPU
		{6C9102EC-05F9-44FD-A1A0-C1F94F651B0C}.Debug|Any CPU.ActiveCfg = Debug|Any CPU
		{6C9102EC-05F9-44FD-A1A0-C1F94F651B0C}.Debug|Any CPU.Build.0 = Debug|Any CPU
		{6C9102EC-05F9-44FD-A1A0-C1F94F651B0C}.Release|Any CPU.ActiveCfg = Release|Any CPU
		{6C9102EC-05F9-44FD-A1A0-C1F94F651B0C}.Release|Any CPU.Build.0 = Release|Any CPU
		{3564DD8E-7BA5-4A72-B096-97EE747AC766}.Debug|Any CPU.ActiveCfg = Debug|Any CPU
		{3564DD8E-7BA5-4A72-B096-97EE747AC766}.Debug|Any CPU.Build.0 = Debug|Any CPU
		{3564DD8E-7BA5-4A72-B096-97EE747AC766}.Release|Any CPU.ActiveCfg = Release|Any CPU
		{3564DD8E-7BA5-4A72-B096-97EE747AC766}.Release|Any CPU.Build.0 = Release|Any CPU
	EndGlobalSection
	GlobalSection(SolutionProperties) = preSolution
		HideSolutionNode = FALSE
	EndGlobalSection
	GlobalSection(ExtensibilityGlobals) = postSolution
		SolutionGuid = {17F6764B-5CE2-4A17-87CB-C12C895321CD}
	EndGlobalSection
EndGlobal
